{
  "pins" : [
    {
      "identity" : "purchases-ios",
      "kind" : "remoteSourceControl",
      "location" : "https://github.com/RevenueCat/purchases-ios.git",
      "state" : {
        "revision" : "47d9150b04c5fe6e9b37e3b8bfdfb7be606e0f74",
        "version" : "4.30.5"
      }
    }
  ],
  "version" : 2
}
